
Microsoft Visual Studio Solution File, Format Version 12.00
# Visual Studio Version 17
VisualStudioVersion = 17.9.34723.18
MinimumVisualStudioVersion = 10.0.40219.1
Project("{FAE04EC0-301F-11D3-BF4B-00C04F79EFBC}") = "FootballStatsTrackerClient", "FootballStatsTrackerClient.csproj", "{12C58A6A-83EE-43E3-992A-D8B783563DBC}"
EndProject
Project("{FAE04EC0-301F-11D3-BF4B-00C04F79EFBC}") = "FootballStatsTrackerBackend", "..\FootballStatsTrackerBackend\FootballStatsTrackerBackend.csproj", "{AC63BD74-567C-48AF-907B-0056B6E71C1C}"
EndProject
Global
	GlobalSection(SolutionConfigurationPlatforms) = preSolution
		Debug|Any CPU = Debug|Any CPU
		Release|Any CPU = Release|Any CPU
	EndGlobalSection
	GlobalSection(ProjectConfigurationPlatforms) = postSolution
		{12C58A6A-83EE-43E3-992A-D8B783563DBC}.Debug|Any CPU.ActiveCfg = Debug|Any CPU
		{12C58A6A-83EE-43E3-992A-D8B783563DBC}.Debug|Any CPU.Build.0 = Debug|Any CPU
		{12C58A6A-83EE-43E3-992A-D8B783563DBC}.Release|Any CPU.ActiveCfg = Release|Any CPU
		{12C58A6A-83EE-43E3-992A-D8B783563DBC}.Release|Any CPU.Build.0 = Release|Any CPU
		{AC63BD74-567C-48AF-907B-0056B6E71C1C}.Debug|Any CPU.ActiveCfg = Debug|Any CPU
		{AC63BD74-567C-48AF-907B-0056B6E71C1C}.Debug|Any CPU.Build.0 = Debug|Any CPU
		{AC63BD74-567C-48AF-907B-0056B6E71C1C}.Release|Any CPU.ActiveCfg = Release|Any CPU
		{AC63BD74-567C-48AF-907B-0056B6E71C1C}.Release|Any CPU.Build.0 = Release|Any CPU
	EndGlobalSection
	GlobalSection(SolutionProperties) = preSolution
		HideSolutionNode = FALSE
	EndGlobalSection
	GlobalSection(ExtensibilityGlobals) = postSolution
		SolutionGuid = {D6F7FB81-B4C3-437E-87CD-3818F0CA6430}
	EndGlobalSection
EndGlobal
